# This file is automatically @generated by Cargo.
# It is not intended for manual editing.
version = 3

[[package]]
name = "raad"
version = "0.1.2"
source = "registry+https://github.com/rust-lang/crates.io-index"
checksum = "33a86ecc1ed0fbddd45318943460eebef3c287e89e9e606cfd366be80373ed62"

[[package]]
name = "sticknodes-rs"
version = "0.1.0"
dependencies = [
 "raad",
]
